
Microsoft Visual Studio Solution File, Format Version 12.00
# Visual Studio Version 16
VisualStudioVersion = 16.0.31005.135
MinimumVisualStudioVersion = 10.0.40219.1
Project("{FAE04EC0-301F-11D3-BF4B-00C04F79EFBC}") = "CustomerManager.API", "CustomerManager.API\CustomerManager.API.csproj", "{FF1891CF-D873-4D61-82E5-67FFAA1B64FA}"
EndProject
Global
	GlobalSection(SolutionConfigurationPlatforms) = preSolution
		Debug|Any CPU = Debug|Any CPU
		Release|Any CPU = Release|Any CPU
	EndGlobalSection
	GlobalSection(ProjectConfigurationPlatforms) = postSolution
		{FF1891CF-D873-4D61-82E5-67FFAA1B64FA}.Debug|Any CPU.ActiveCfg = Debug|Any CPU
		{FF1891CF-D873-4D61-82E5-67FFAA1B64FA}.Debug|Any CPU.Build.0 = Debug|Any CPU
		{FF1891CF-D873-4D61-82E5-67FFAA1B64FA}.Release|Any CPU.ActiveCfg = Release|Any CPU
		{FF1891CF-D873-4D61-82E5-67FFAA1B64FA}.Release|Any CPU.Build.0 = Release|Any CPU
	EndGlobalSection
	GlobalSection(SolutionProperties) = preSolution
		HideSolutionNode = FALSE
	EndGlobalSection
	GlobalSection(ExtensibilityGlobals) = postSolution
		SolutionGuid = {CE69D69F-E5A0-4E28-963C-1376C030EB3B}
	EndGlobalSection
EndGlobal
